
Microsoft Visual Studio Solution File, Format Version 12.00
# Visual Studio Version 16
VisualStudioVersion = 16.0.31624.102
MinimumVisualStudioVersion = 10.0.40219.1
Project("{FAE04EC0-301F-11D3-BF4B-00C04F79EFBC}") = "TestProject1", "TestProject1\TestProject1.csproj", "{020DF97D-BFEF-4C11-AF21-31551399A282}"
EndProject
Project("{FAE04EC0-301F-11D3-BF4B-00C04F79EFBC}") = "UnitTestProject1", "UnitTestProject1\UnitTestProject1.csproj", "{D0CA9805-75DE-41C4-A2F9-AB332CF26B81}"
EndProject
Global
	GlobalSection(SolutionConfigurationPlatforms) = preSolution
		Debug|Any CPU = Debug|Any CPU
		Release|Any CPU = Release|Any CPU
	EndGlobalSection
	GlobalSection(ProjectConfigurationPlatforms) = postSolution
		{020DF97D-BFEF-4C11-AF21-31551399A282}.Debug|Any CPU.ActiveCfg = Debug|Any CPU
		{020DF97D-BFEF-4C11-AF21-31551399A282}.Debug|Any CPU.Build.0 = Debug|Any CPU
		{020DF97D-BFEF-4C11-AF21-31551399A282}.Release|Any CPU.ActiveCfg = Release|Any CPU
		{020DF97D-BFEF-4C11-AF21-31551399A282}.Release|Any CPU.Build.0 = Release|Any CPU
		{D0CA9805-75DE-41C4-A2F9-AB332CF26B81}.Debug|Any CPU.ActiveCfg = Debug|Any CPU
		{D0CA9805-75DE-41C4-A2F9-AB332CF26B81}.Debug|Any CPU.Build.0 = Debug|Any CPU
		{D0CA9805-75DE-41C4-A2F9-AB332CF26B81}.Release|Any CPU.ActiveCfg = Release|Any CPU
		{D0CA9805-75DE-41C4-A2F9-AB332CF26B81}.Release|Any CPU.Build.0 = Release|Any CPU
	EndGlobalSection
	GlobalSection(SolutionProperties) = preSolution
		HideSolutionNode = FALSE
	EndGlobalSection
	GlobalSection(ExtensibilityGlobals) = postSolution
		SolutionGuid = {9F769E08-3412-4A10-A8FC-290D35F2E24A}
	EndGlobalSection
EndGlobal
